
Microsoft Visual Studio Solution File, Format Version 12.00
# Visual Studio Version 16
VisualStudioVersion = 16.0.29519.87
MinimumVisualStudioVersion = 10.0.40219.1
Project("{FAE04EC0-301F-11D3-BF4B-00C04F79EFBC}") = "blogsite", "blogsite\blogsite.csproj", "{B0E1A361-3510-4C44-80B8-241642320D93}"
EndProject
Global
	GlobalSection(SolutionConfigurationPlatforms) = preSolution
		Debug|Any CPU = Debug|Any CPU
		Release|Any CPU = Release|Any CPU
	EndGlobalSection
	GlobalSection(ProjectConfigurationPlatforms) = postSolution
		{B0E1A361-3510-4C44-80B8-241642320D93}.Debug|Any CPU.ActiveCfg = Debug|Any CPU
		{B0E1A361-3510-4C44-80B8-241642320D93}.Debug|Any CPU.Build.0 = Debug|Any CPU
		{B0E1A361-3510-4C44-80B8-241642320D93}.Release|Any CPU.ActiveCfg = Release|Any CPU
		{B0E1A361-3510-4C44-80B8-241642320D93}.Release|Any CPU.Build.0 = Release|Any CPU
	EndGlobalSection
	GlobalSection(SolutionProperties) = preSolution
		HideSolutionNode = FALSE
	EndGlobalSection
	GlobalSection(ExtensibilityGlobals) = postSolution
		SolutionGuid = {B96CB65D-B02A-45F1-8528-1517971EF9E2}
	EndGlobalSection
EndGlobal
